
Microsoft Visual Studio Solution File, Format Version 12.00
# Visual Studio Version 16
VisualStudioVersion = 16.0.32106.194
MinimumVisualStudioVersion = 10.0.40219.1
Project("{FAE04EC0-301F-11D3-BF4B-00C04F79EFBC}") = "EditorTexto", "EditorTexto\EditorTexto.csproj", "{97F30A7F-961B-455B-908C-C7F93FEBC956}"
EndProject
Global
	GlobalSection(SolutionConfigurationPlatforms) = preSolution
		Debug|Any CPU = Debug|Any CPU
		Release|Any CPU = Release|Any CPU
	EndGlobalSection
	GlobalSection(ProjectConfigurationPlatforms) = postSolution
		{97F30A7F-961B-455B-908C-C7F93FEBC956}.Debug|Any CPU.ActiveCfg = Debug|Any CPU
		{97F30A7F-961B-455B-908C-C7F93FEBC956}.Debug|Any CPU.Build.0 = Debug|Any CPU
		{97F30A7F-961B-455B-908C-C7F93FEBC956}.Release|Any CPU.ActiveCfg = Release|Any CPU
		{97F30A7F-961B-455B-908C-C7F93FEBC956}.Release|Any CPU.Build.0 = Release|Any CPU
	EndGlobalSection
	GlobalSection(SolutionProperties) = preSolution
		HideSolutionNode = FALSE
	EndGlobalSection
	GlobalSection(ExtensibilityGlobals) = postSolution
		SolutionGuid = {0BE68CC3-4DA6-4A9B-9886-ABE8C6A93CC2}
	EndGlobalSection
EndGlobal
